
Microsoft Visual Studio Solution File, Format Version 12.00
# Visual Studio Version 17
VisualStudioVersion = 17.2.32505.173
MinimumVisualStudioVersion = 10.0.40219.1
Project("{FAE04EC0-301F-11D3-BF4B-00C04F79EFBC}") = "MdiApplication_Lab1.4", "MdiApplication_Lab1.4.csproj", "{BF63FD3F-B094-4E6F-BCB7-64A365850B08}"
EndProject
Global
	GlobalSection(SolutionConfigurationPlatforms) = preSolution
		Debug|Any CPU = Debug|Any CPU
		Release|Any CPU = Release|Any CPU
	EndGlobalSection
	GlobalSection(ProjectConfigurationPlatforms) = postSolution
		{BF63FD3F-B094-4E6F-BCB7-64A365850B08}.Debug|Any CPU.ActiveCfg = Debug|Any CPU
		{BF63FD3F-B094-4E6F-BCB7-64A365850B08}.Debug|Any CPU.Build.0 = Debug|Any CPU
		{BF63FD3F-B094-4E6F-BCB7-64A365850B08}.Release|Any CPU.ActiveCfg = Release|Any CPU
		{BF63FD3F-B094-4E6F-BCB7-64A365850B08}.Release|Any CPU.Build.0 = Release|Any CPU
	EndGlobalSection
	GlobalSection(SolutionProperties) = preSolution
		HideSolutionNode = FALSE
	EndGlobalSection
	GlobalSection(ExtensibilityGlobals) = postSolution
		SolutionGuid = {6933F83B-85B2-4A4F-B578-5E85F0EBF62B}
	EndGlobalSection
EndGlobal
